{
  "requires": true,
  "lockfileVersion": 1,
  "dependencies": {
    "@react-spring/animated": {
      "version": "9.1.2",
      "resolved": "https://registry.npmjs.org/@react-spring/animated/-/animated-9.1.2.tgz",
      "integrity": "sha512-nKOGk+3aWbNp46V/CB1J2vR3GJI/Vork8N1WTI5mt+32QekrSsBn5/YFt4/iPaDGhLjukFxF0IjLs6hRLqSObw==",
      "requires": {
        "@react-spring/shared": "~9.1.2",
        "@react-spring/types": "~9.1.2"
      }
    },
    "@react-spring/core": {
      "version": "9.1.2",
      "resolved": "https://registry.npmjs.org/@react-spring/core/-/core-9.1.2.tgz",
      "integrity": "sha512-rgobYPCcLdDwbHBVqAmvtXhhX92G7MoPltJlzUge843yp1dNr47tkagFdCtw9NMGp6eHu/CE5byh/imlhLLAxw==",
      "requires": {
        "@react-spring/animated": "~9.1.2",
        "@react-spring/shared": "~9.1.2",
        "@react-spring/types": "~9.1.2"
      }
    },
    "@react-spring/konva": {
      "version": "9.1.2",
      "resolved": "https://registry.npmjs.org/@react-spring/konva/-/konva-9.1.2.tgz",
      "integrity": "sha512-P60mhUHRYgPPhoTBQWzuzD3hfeCFWC0BQ7N0iHzpMTzDIrAvutyg+iAX59jSXo3yatrcx60NmlCsiG8tRxbw6w==",
      "requires": {
        "@react-spring/animated": "~9.1.2",
        "@react-spring/core": "~9.1.2",
        "@react-spring/shared": "~9.1.2",
        "@react-spring/types": "~9.1.2"
      }
    },
    "@react-spring/native": {
      "version": "9.1.2",
      "resolved": "https://registry.npmjs.org/@react-spring/native/-/native-9.1.2.tgz",
      "integrity": "sha512-d7+tCoKAnDPSoVtpyFFm4BWQhn1h833ocdP0d2POZzKTcR1iQ8YI7EQ22iKGLvwH+0vjymde039CgYy31INqWQ==",
      "requires": {
        "@react-spring/animated": "~9.1.2",
        "@react-spring/core": "~9.1.2",
        "@react-spring/shared": "~9.1.2",
        "@react-spring/types": "~9.1.2"
      }
    },
    "@react-spring/shared": {
      "version": "9.1.2",
      "resolved": "https://registry.npmjs.org/@react-spring/shared/-/shared-9.1.2.tgz",
      "integrity": "sha512-sj/RrhFZAteCWAMk+W0t6Ku/skn/lbskCCs8B7ZnHNLMGPM+Zb3MOk+aVbX3T/D0iq/oTnKWyQYqrXDKiFcZ7g==",
      "requires": {
        "@react-spring/types": "~9.1.2",
        "rafz": "^0.1.14"
      }
    },
    "@react-spring/three": {
      "version": "9.1.2",
      "resolved": "https://registry.npmjs.org/@react-spring/three/-/three-9.1.2.tgz",
      "integrity": "sha512-d/v94ykmfJGLTJxJ+jxlTAJSfFdD+SSf+yvXReS81hc7+9VYeEwIHVIEKOzckYnPy/MEOSVhIVKF/9wdFIIo6g==",
      "requires": {
        "@react-spring/animated": "~9.1.2",
        "@react-spring/core": "~9.1.2",
        "@react-spring/shared": "~9.1.2",
        "@react-spring/types": "~9.1.2"
      }
    },
    "@react-spring/types": {
      "version": "9.1.2",
      "resolved": "https://registry.npmjs.org/@react-spring/types/-/types-9.1.2.tgz",
      "integrity": "sha512-NZNImL0ymRFbss1cGKX2qSEeFdFoOgnIJZEW4Uczt+wm04J7g0Zuf23Hf8hM35JtxDr8QO5okp8BBtCM5FzzMg=="
    },
    "@react-spring/web": {
      "version": "9.1.2",
      "resolved": "https://registry.npmjs.org/@react-spring/web/-/web-9.1.2.tgz",
      "integrity": "sha512-E5W9Hmi2bO6CPorCNV/2iv12ux9LxHJAbpXmrBPKWFRqZixysiHoNQKKPG0DmSvUU1uKkvCvMC4VoB6pj/2kxw==",
      "requires": {
        "@react-spring/animated": "~9.1.2",
        "@react-spring/core": "~9.1.2",
        "@react-spring/shared": "~9.1.2",
        "@react-spring/types": "~9.1.2"
      }
    },
    "@react-spring/zdog": {
      "version": "9.1.2",
      "resolved": "https://registry.npmjs.org/@react-spring/zdog/-/zdog-9.1.2.tgz",
      "integrity": "sha512-t5RobDp12HGVh6XJ1BZ+dFdxRQ/goEapYvjH5eqQa1vC97bSqJGLiG+SM/E360DtDlh8GXAyGSesd2pXzBkpPg==",
      "requires": {
        "@react-spring/animated": "~9.1.2",
        "@react-spring/core": "~9.1.2",
        "@react-spring/shared": "~9.1.2",
        "@react-spring/types": "~9.1.2"
      }
    },
    "animate.css": {
      "version": "4.1.1",
      "resolved": "https://registry.npmjs.org/animate.css/-/animate.css-4.1.1.tgz",
      "integrity": "sha512-+mRmCTv6SbCmtYJCN4faJMNFVNN5EuCTTprDTAo7YzIGji2KADmakjVA3+8mVDkZ2Bf09vayB35lSQIex2+QaQ=="
    },
    "rafz": {
      "version": "0.1.14",
      "resolved": "https://registry.npmjs.org/rafz/-/rafz-0.1.14.tgz",
      "integrity": "sha512-YiQkedSt1urYtYbvHhTQR3l67M8SZbUvga5eJFM/v4vx/GmDdtXlE2hjJIyRjhhO/PjcdGC+CXCYOUA4onit8w=="
    },
    "react-notifications-component": {
      "version": "3.1.0",
      "resolved": "https://registry.npmjs.org/react-notifications-component/-/react-notifications-component-3.1.0.tgz",
      "integrity": "sha512-qq+zgqVIa2zhlw+RvO2QSPk7xHLvZWTHl9VKRO56sMUef/UrcUTqOswL0DSJtRIpZYZhclquQUfDxD6H2w8aWA=="
    },
    "react-spring": {
      "version": "9.1.2",
      "resolved": "https://registry.npmjs.org/react-spring/-/react-spring-9.1.2.tgz",
      "integrity": "sha512-xLmkierisElCQShCqAH3PpepjHhCyOK1wGSTdpvG7GGD+SbfG4Sac7wj6wrKTT5A5NUFM5OnVQUXZLe5HScIfA==",
      "requires": {
        "@react-spring/core": "~9.1.2",
        "@react-spring/konva": "~9.1.2",
        "@react-spring/native": "~9.1.2",
        "@react-spring/three": "~9.1.2",
        "@react-spring/web": "~9.1.2",
        "@react-spring/zdog": "~9.1.2"
      }
    }
  }
}
